
Microsoft Visual Studio Solution File, Format Version 12.00
# Visual Studio Version 16
VisualStudioVersion = 16.0.31702.278
MinimumVisualStudioVersion = 10.0.40219.1
Project("{8BC9CEB8-8B4A-11D0-8D11-00A0C91BC942}") = "Main", "projects\Main\Main.vcxproj", "{BFED8C4B-DD9A-4273-95CA-E81C06D91C0D}"
EndProject
Project("{8BC9CEB8-8B4A-11D0-8D11-00A0C91BC942}") = "Biblioteca", "projects\Biblioteca\Biblioteca.vcxproj", "{30349241-46D6-45E5-9485-498371E27ED8}"
EndProject
Project("{8BC9CEB8-8B4A-11D0-8D11-00A0C91BC942}") = "OGRE", "projects\OGRE\OGRE.vcxproj", "{57663220-5E15-4009-92E8-65F60806A5A9}"
EndProject
Project("{8BC9CEB8-8B4A-11D0-8D11-00A0C91BC942}") = "SoundProject", "projects\SoundProject\SoundProject.vcxproj", "{1AFB29FF-A508-4251-8A1C-21107615C230}"
EndProject
Project("{8BC9CEB8-8B4A-11D0-8D11-00A0C91BC942}") = "BulletPhysics", "projects\BulletPhysics\BulletPhysics.vcxproj", "{246877CB-9F09-4048-BCBD-E94C03A4CA4D}"
EndProject
Global
	GlobalSection(SolutionConfigurationPlatforms) = preSolution
		Debug|x64 = Debug|x64
		Release|x64 = Release|x64
	EndGlobalSection
	GlobalSection(ProjectConfigurationPlatforms) = postSolution
		{BFED8C4B-DD9A-4273-95CA-E81C06D91C0D}.Debug|x64.ActiveCfg = Debug|x64
		{BFED8C4B-DD9A-4273-95CA-E81C06D91C0D}.Debug|x64.Build.0 = Debug|x64
		{BFED8C4B-DD9A-4273-95CA-E81C06D91C0D}.Release|x64.ActiveCfg = Release|x64
		{BFED8C4B-DD9A-4273-95CA-E81C06D91C0D}.Release|x64.Build.0 = Release|x64
		{30349241-46D6-45E5-9485-498371E27ED8}.Debug|x64.ActiveCfg = Debug|x64
		{30349241-46D6-45E5-9485-498371E27ED8}.Debug|x64.Build.0 = Debug|x64
		{30349241-46D6-45E5-9485-498371E27ED8}.Release|x64.ActiveCfg = Release|x64
		{30349241-46D6-45E5-9485-498371E27ED8}.Release|x64.Build.0 = Release|x64
		{57663220-5E15-4009-92E8-65F60806A5A9}.Debug|x64.ActiveCfg = Debug|x64
		{57663220-5E15-4009-92E8-65F60806A5A9}.Debug|x64.Build.0 = Debug|x64
		{57663220-5E15-4009-92E8-65F60806A5A9}.Release|x64.ActiveCfg = Release|x64
		{57663220-5E15-4009-92E8-65F60806A5A9}.Release|x64.Build.0 = Release|x64
		{1AFB29FF-A508-4251-8A1C-21107615C230}.Debug|x64.ActiveCfg = Debug|x64
		{1AFB29FF-A508-4251-8A1C-21107615C230}.Debug|x64.Build.0 = Debug|x64
		{1AFB29FF-A508-4251-8A1C-21107615C230}.Release|x64.ActiveCfg = Release|x64
		{1AFB29FF-A508-4251-8A1C-21107615C230}.Release|x64.Build.0 = Release|x64
		{246877CB-9F09-4048-BCBD-E94C03A4CA4D}.Debug|x64.ActiveCfg = Debug|x64
		{246877CB-9F09-4048-BCBD-E94C03A4CA4D}.Debug|x64.Build.0 = Debug|x64
		{246877CB-9F09-4048-BCBD-E94C03A4CA4D}.Release|x64.ActiveCfg = Release|x64
		{246877CB-9F09-4048-BCBD-E94C03A4CA4D}.Release|x64.Build.0 = Release|x64
	EndGlobalSection
	GlobalSection(SolutionProperties) = preSolution
		HideSolutionNode = FALSE
	EndGlobalSection
	GlobalSection(ExtensibilityGlobals) = postSolution
		SolutionGuid = {546F4125-4B3F-4C0C-931B-D2F968D86239}
	EndGlobalSection
EndGlobal
