<?xml version="1.0" encoding="utf-8"?>
<Project ToolsVersion="4.0" xmlns="http://schemas.microsoft.com/developer/msbuild/2003">
  <ItemGroup>
    <Filter Include="Archivos de origen">
      <UniqueIdentifier>{4FC737F1-C7A5-4376-A066-2A32D752A2FF}</UniqueIdentifier>
      <Extensions>cpp;c;cc;cxx;c++;cppm;ixx;def;odl;idl;hpj;bat;asm;asmx</Extensions>
    </Filter>
    <Filter Include="Archivos de encabezado">
      <UniqueIdentifier>{93995380-89BD-4b04-88EB-625FBE52EBFB}</UniqueIdentifier>
      <Extensions>h;hh;hpp;hxx;h++;hm;inl;inc;ipp;xsd</Extensions>
    </Filter>
    <Filter Include="Archivos de recursos">
      <UniqueIdentifier>{67DA6AB6-F800-4c08-8B7A-83BB121AAD01}</UniqueIdentifier>
      <Extensions>rc;ico;cur;bmp;dlg;rc2;rct;bin;rgs;gif;jpg;jpeg;jpe;resx;tiff;tif;png;wav;mfcribbon-ms</Extensions>
    </Filter>
    <Filter Include="Components">
      <UniqueIdentifier>{b9af77b9-9906-44ee-b23e-ec676dee6452}</UniqueIdentifier>
    </Filter>
    <Filter Include="Components\Source">
      <UniqueIdentifier>{bd7c4053-c163-4138-8cbc-65c833454012}</UniqueIdentifier>
    </Filter>
  </ItemGroup>
  <ItemGroup>
    <ClCompile Include="..\..\src\ECS\Component.cpp">
      <Filter>Archivos de origen</Filter>
    </ClCompile>
    <ClCompile Include="..\..\src\ECS\ECS.cpp">
      <Filter>Archivos de origen</Filter>
    </ClCompile>
    <ClCompile Include="..\..\src\ECS\GameObject.cpp">
      <Filter>Archivos de origen</Filter>
    </ClCompile>
    <ClCompile Include="..\..\src\ECS\Scene.cpp">
      <Filter>Archivos de origen</Filter>
    </ClCompile>
    <ClCompile Include="..\..\src\ECS\SceneManager.cpp">
      <Filter>Archivos de origen</Filter>
    </ClCompile>
    <ClCompile Include="..\..\src\ECS\ComponentFactory.cpp">
      <Filter>Archivos de origen</Filter>
    </ClCompile>
    <ClCompile Include="..\..\src\ECS\Transform.cpp">
      <Filter>Components\Source</Filter>
    </ClCompile>
    <ClCompile Include="..\..\src\ECS\Timer.cpp">
      <Filter>Components\Source</Filter>
    </ClCompile>
    <ClCompile Include="..\..\src\ECS\LightComponent.cpp">
      <Filter>Components\Source</Filter>
    </ClCompile>
    <ClCompile Include="..\..\src\ECS\Mesh.cpp">
      <Filter>Components\Source</Filter>
    </ClCompile>
    <ClCompile Include="..\..\src\ECS\CameraComponent.cpp">
      <Filter>Components\Source</Filter>
    </ClCompile>
    <ClCompile Include="..\..\src\ECS\Sound.cpp">
      <Filter>Components\Source</Filter>
    </ClCompile>
    <ClCompile Include="..\..\src\ECS\SceneFactory.cpp">
      <Filter>Archivos de origen</Filter>
    </ClCompile>
    <ClCompile Include="..\..\src\ECS\RigidBody.cpp">
      <Filter>Components\Source</Filter>
    </ClCompile>
    <ClCompile Include="..\..\src\ECS\MouseTracker.cpp">
      <Filter>Components\Source</Filter>
    </ClCompile>
    <ClCompile Include="..\..\src\ECS\Agent.cpp">
      <Filter>Components\Source</Filter>
    </ClCompile>
    <ClCompile Include="..\..\src\ECS\Action.cpp">
      <Filter>Components\Source</Filter>
    </ClCompile>
    <ClCompile Include="..\..\src\ECS\Animation.cpp">
      <Filter>Components\Source</Filter>
    </ClCompile>
    <ClCompile Include="..\..\src\ECS\SceneUtils.cpp">
      <Filter>Archivos de origen</Filter>
    </ClCompile>
    <ClCompile Include="..\..\src\ECS\Image.cpp">
      <Filter>Archivos de origen</Filter>
    </ClCompile>
  </ItemGroup>
  <ItemGroup>
    <ClInclude Include="..\..\src\ECS\ECS.h">
      <Filter>Archivos de encabezado</Filter>
    </ClInclude>
    <ClInclude Include="..\..\src\ECS\GameObject.h">
      <Filter>Archivos de encabezado</Filter>
    </ClInclude>
    <ClInclude Include="..\..\src\ECS\Scene.h">
      <Filter>Archivos de encabezado</Filter>
    </ClInclude>
    <ClInclude Include="..\..\src\ECS\SceneManager.h">
      <Filter>Archivos de encabezado</Filter>
    </ClInclude>
    <ClInclude Include="..\..\src\ECS\Component.h">
      <Filter>Archivos de encabezado</Filter>
    </ClInclude>
    <ClInclude Include="..\..\src\ECS\ComponentFactory.h">
      <Filter>Archivos de encabezado</Filter>
    </ClInclude>
    <ClInclude Include="..\..\src\ECS\Transform.h">
      <Filter>Components</Filter>
    </ClInclude>
    <ClInclude Include="..\..\src\ECS\Timer.h">
      <Filter>Components</Filter>
    </ClInclude>
    <ClInclude Include="..\..\src\ECS\LightComponent.h">
      <Filter>Components</Filter>
    </ClInclude>
    <ClInclude Include="..\..\src\ECS\Mesh.h">
      <Filter>Components</Filter>
    </ClInclude>
    <ClInclude Include="..\..\src\ECS\CameraComponent.h">
      <Filter>Components</Filter>
    </ClInclude>
    <ClInclude Include="..\..\src\ECS\Sound.h">
      <Filter>Components</Filter>
    </ClInclude>
    <ClInclude Include="..\..\src\ECS\SceneFactory.h">
      <Filter>Archivos de encabezado</Filter>
    </ClInclude>
    <ClInclude Include="..\..\src\ECS\RigidBody.h">
      <Filter>Components</Filter>
    </ClInclude>
    <ClInclude Include="..\..\src\ECS\MouseTracker.h">
      <Filter>Components</Filter>
    </ClInclude>
    <ClInclude Include="..\..\src\ECS\Agent.h">
      <Filter>Components</Filter>
    </ClInclude>
    <ClInclude Include="..\..\src\ECS\Action.h">
      <Filter>Components</Filter>
    </ClInclude>
    <ClInclude Include="..\..\src\ECS\Animation.h">
      <Filter>Components</Filter>
    </ClInclude>
    <ClInclude Include="..\..\src\ECS\SceneUtils.h">
      <Filter>Archivos de encabezado</Filter>
    </ClInclude>
    <ClInclude Include="..\..\src\ECS\Image.h">
      <Filter>Archivos de encabezado</Filter>
    </ClInclude>
  </ItemGroup>
</Project>