<?xml version="1.0" encoding="utf-8"?>
<Project ToolsVersion="4.0" xmlns="http://schemas.microsoft.com/developer/msbuild/2003">
  <ItemGroup>
    <ClCompile Include="..\..\src\Utilities\Error_handling.cpp" />
    <ClCompile Include="..\..\src\Utilities\GameTime.cpp" />
    <ClCompile Include="..\..\src\Utilities\StringFormatter.cpp" />
    <ClCompile Include="..\..\src\Utilities\Utils.cpp" />
  </ItemGroup>
  <ItemGroup>
    <ClInclude Include="..\..\src\Utilities\Error_handling.h" />
    <ClInclude Include="..\..\src\Export.h" />
    <ClInclude Include="..\..\src\Utilities\GameTime.h" />
    <ClInclude Include="..\..\src\Utilities\Vector2.h" />
    <ClInclude Include="..\..\src\Utilities\Vector3.h" />
    <ClInclude Include="..\..\src\Utilities\Vector4.h" />
    <ClInclude Include="..\..\src\Utilities\StringFormatter.h" />
    <ClInclude Include="..\..\src\Utilities\Utils.h" />
  </ItemGroup>
</Project>