<?xml version="1.0" encoding="utf-8"?>
<Project ToolsVersion="16.0" xmlns="http://schemas.microsoft.com/developer/msbuild/2003">
  <ItemGroup>
    <CustomBuild Include="C:\Users\Ivan\Desktop\Motor\Skeleton\dependencies\LuaBridgeSrc\Source\CMakeLists.txt" />
  </ItemGroup>
  <ItemGroup>
    <None Include="C:\Users\Ivan\Desktop\Motor\Skeleton\dependencies\LuaBridgeSrc\Source\LuaBridge\List.h">
      <Filter>LuaBridge</Filter>
    </None>
    <None Include="C:\Users\Ivan\Desktop\Motor\Skeleton\dependencies\LuaBridgeSrc\Source\LuaBridge\LuaBridge.h">
      <Filter>LuaBridge</Filter>
    </None>
    <None Include="C:\Users\Ivan\Desktop\Motor\Skeleton\dependencies\LuaBridgeSrc\Source\LuaBridge\Map.h">
      <Filter>LuaBridge</Filter>
    </None>
    <None Include="C:\Users\Ivan\Desktop\Motor\Skeleton\dependencies\LuaBridgeSrc\Source\LuaBridge\RefCountedObject.h">
      <Filter>LuaBridge</Filter>
    </None>
    <None Include="C:\Users\Ivan\Desktop\Motor\Skeleton\dependencies\LuaBridgeSrc\Source\LuaBridge\RefCountedPtr.h">
      <Filter>LuaBridge</Filter>
    </None>
    <None Include="C:\Users\Ivan\Desktop\Motor\Skeleton\dependencies\LuaBridgeSrc\Source\LuaBridge\UnorderedMap.h">
      <Filter>LuaBridge</Filter>
    </None>
    <None Include="C:\Users\Ivan\Desktop\Motor\Skeleton\dependencies\LuaBridgeSrc\Source\LuaBridge\Vector.h">
      <Filter>LuaBridge</Filter>
    </None>
    <None Include="C:\Users\Ivan\Desktop\Motor\Skeleton\dependencies\LuaBridgeSrc\Source\LuaBridge\Array.h">
      <Filter>LuaBridge</Filter>
    </None>
    <None Include="C:\Users\Ivan\Desktop\Motor\Skeleton\dependencies\LuaBridgeSrc\Source\LuaBridge\detail\CFunctions.h">
      <Filter>LuaBridge\detail</Filter>
    </None>
    <None Include="C:\Users\Ivan\Desktop\Motor\Skeleton\dependencies\LuaBridgeSrc\Source\LuaBridge\detail\ClassInfo.h">
      <Filter>LuaBridge\detail</Filter>
    </None>
    <None Include="C:\Users\Ivan\Desktop\Motor\Skeleton\dependencies\LuaBridgeSrc\Source\LuaBridge\detail\Config.h">
      <Filter>LuaBridge\detail</Filter>
    </None>
    <None Include="C:\Users\Ivan\Desktop\Motor\Skeleton\dependencies\LuaBridgeSrc\Source\LuaBridge\detail\Constructor.h">
      <Filter>LuaBridge\detail</Filter>
    </None>
    <None Include="C:\Users\Ivan\Desktop\Motor\Skeleton\dependencies\LuaBridgeSrc\Source\LuaBridge\detail\dump.h">
      <Filter>LuaBridge\detail</Filter>
    </None>
    <None Include="C:\Users\Ivan\Desktop\Motor\Skeleton\dependencies\LuaBridgeSrc\Source\LuaBridge\detail\FuncTraits.h">
      <Filter>LuaBridge\detail</Filter>
    </None>
    <None Include="C:\Users\Ivan\Desktop\Motor\Skeleton\dependencies\LuaBridgeSrc\Source\LuaBridge\detail\Iterator.h">
      <Filter>LuaBridge\detail</Filter>
    </None>
    <None Include="C:\Users\Ivan\Desktop\Motor\Skeleton\dependencies\LuaBridgeSrc\Source\LuaBridge\detail\LuaException.h">
      <Filter>LuaBridge\detail</Filter>
    </None>
    <None Include="C:\Users\Ivan\Desktop\Motor\Skeleton\dependencies\LuaBridgeSrc\Source\LuaBridge\detail\LuaHelpers.h">
      <Filter>LuaBridge\detail</Filter>
    </None>
    <None Include="C:\Users\Ivan\Desktop\Motor\Skeleton\dependencies\LuaBridgeSrc\Source\LuaBridge\detail\LuaRef.h">
      <Filter>LuaBridge\detail</Filter>
    </None>
    <None Include="C:\Users\Ivan\Desktop\Motor\Skeleton\dependencies\LuaBridgeSrc\Source\LuaBridge\detail\Namespace.h">
      <Filter>LuaBridge\detail</Filter>
    </None>
    <None Include="C:\Users\Ivan\Desktop\Motor\Skeleton\dependencies\LuaBridgeSrc\Source\LuaBridge\detail\Stack.h">
      <Filter>LuaBridge\detail</Filter>
    </None>
    <None Include="C:\Users\Ivan\Desktop\Motor\Skeleton\dependencies\LuaBridgeSrc\Source\LuaBridge\detail\TypeList.h">
      <Filter>LuaBridge\detail</Filter>
    </None>
    <None Include="C:\Users\Ivan\Desktop\Motor\Skeleton\dependencies\LuaBridgeSrc\Source\LuaBridge\detail\TypeTraits.h">
      <Filter>LuaBridge\detail</Filter>
    </None>
    <None Include="C:\Users\Ivan\Desktop\Motor\Skeleton\dependencies\LuaBridgeSrc\Source\LuaBridge\detail\Userdata.h">
      <Filter>LuaBridge\detail</Filter>
    </None>
  </ItemGroup>
  <ItemGroup>
    <Filter Include="LuaBridge">
      <UniqueIdentifier>{9F47EBB4-627B-38A6-B6B9-A7B2BE6409F7}</UniqueIdentifier>
    </Filter>
    <Filter Include="LuaBridge\detail">
      <UniqueIdentifier>{96E97A42-A8C4-3E03-BBC4-33B5D27A396E}</UniqueIdentifier>
    </Filter>
  </ItemGroup>
</Project>
